<Solution>
  <Folder Name="/app/">
    <Project Path="app/MyFireNumber/MyFireNumber.csproj" />
    <Project Path="app/MyFireNumber.Core/MyFireNumber.Core.csproj" />
    <Project Path="app/MyFireNumber.Storage/MyFireNumber.Storage.csproj" />
    <Project Path="app/MyFireNumber.Tests/MyFireNumber.Tests.csproj" />
  </Folder>
</Solution>
